
Microsoft Visual Studio Solution File, Format Version 12.00
# Visual Studio Version 16
VisualStudioVersion = 16.0.30204.135
MinimumVisualStudioVersion = 10.0.40219.1
Project("{FAE04EC0-301F-11D3-BF4B-00C04F79EFBC}") = "CS350MineSweeper", "CS350MineSweeper\CS350MineSweeper.csproj", "{DC8E8A39-5952-496B-B003-409FABBC80E9}"
EndProject
Global
	GlobalSection(SolutionConfigurationPlatforms) = preSolution
		Debug|Any CPU = Debug|Any CPU
		Release|Any CPU = Release|Any CPU
	EndGlobalSection
	GlobalSection(ProjectConfigurationPlatforms) = postSolution
		{DC8E8A39-5952-496B-B003-409FABBC80E9}.Debug|Any CPU.ActiveCfg = Debug|Any CPU
		{DC8E8A39-5952-496B-B003-409FABBC80E9}.Debug|Any CPU.Build.0 = Debug|Any CPU
		{DC8E8A39-5952-496B-B003-409FABBC80E9}.Release|Any CPU.ActiveCfg = Release|Any CPU
		{DC8E8A39-5952-496B-B003-409FABBC80E9}.Release|Any CPU.Build.0 = Release|Any CPU
	EndGlobalSection
	GlobalSection(SolutionProperties) = preSolution
		HideSolutionNode = FALSE
	EndGlobalSection
	GlobalSection(ExtensibilityGlobals) = postSolution
		SolutionGuid = {083417B8-B598-4F9D-84C8-205EFAFA3AB5}
	EndGlobalSection
EndGlobal
